{
  "name": "img-info",
  "version": "1.0.0",
  "lockfileVersion": 2,
  "requires": true,
  "packages": {
    "": {
      "name": "img-info",
      "version": "1.0.0",
      "license": "ISC",
      "dependencies": {
        "exif": "^0.6.0",
        "exif-parser": "^0.1.12",
        "image-size": "^1.0.2",
        "pixelmatch": "^5.3.0",
        "png-js": "^1.0.0",
        "png-metadata": "^1.0.2",
        "pngjs": "^7.0.0"
      }
    },
    "node_modules/debug": {
      "version": "2.6.9",
      "resolved": "https://registry.npmjs.org/debug/-/debug-2.6.9.tgz",
      "integrity": "sha512-bC7ElrdJaJnPbAP+1EotYvqZsb3ecl5wi6Bfi6BJTUcNowp6cvspg0jXznRTKDjm/E7AdgFBVeAPVMNcKGsHMA==",
      "dependencies": {
        "ms": "2.0.0"
      }
    },
    "node_modules/exif": {
      "version": "0.6.0",
      "resolved": "https://registry.npmjs.org/exif/-/exif-0.6.0.tgz",
      "integrity": "sha512-gEwM4uanNMfLnDNKclZ7jPEA99E3rpy4ntoS6QW8u6murZjl1o8qRaPdMoC46Syg3d9/QaET0bYKhWlTwJCPgg==",
      "dependencies": {
        "debug": "^2.2"
      }
    },
    "node_modules/exif-parser": {
      "version": "0.1.12",
      "resolved": "https://registry.npmjs.org/exif-parser/-/exif-parser-0.1.12.tgz",
      "integrity": "sha512-c2bQfLNbMzLPmzQuOr8fy0csy84WmwnER81W88DzTp9CYNPJ6yzOj2EZAh9pywYpqHnshVLHQJ8WzldAyfY+Iw=="
    },
    "node_modules/image-size": {
      "version": "1.0.2",
      "resolved": "https://registry.npmjs.org/image-size/-/image-size-1.0.2.tgz",
      "integrity": "sha512-xfOoWjceHntRb3qFCrh5ZFORYH8XCdYpASltMhZ/Q0KZiOwjdE/Yl2QCiWdwD+lygV5bMCvauzgu5PxBX/Yerg==",
      "dependencies": {
        "queue": "6.0.2"
      },
      "bin": {
        "image-size": "bin/image-size.js"
      },
      "engines": {
        "node": ">=14.0.0"
      }
    },
    "node_modules/inherits": {
      "version": "2.0.4",
      "resolved": "https://registry.npmjs.org/inherits/-/inherits-2.0.4.tgz",
      "integrity": "sha512-k/vGaX4/Yla3WzyMCvTQOXYeIHvqOKtnqBduzTHpzpQZzAskKMhZ2K+EnBiSM9zGSoIFeMpXKxa4dYeZIQqewQ=="
    },
    "node_modules/ms": {
      "version": "2.0.0",
      "resolved": "https://registry.npmjs.org/ms/-/ms-2.0.0.tgz",
      "integrity": "sha512-Tpp60P6IUJDTuOq/5Z8cdskzJujfwqfOTkrwIwj7IRISpnkJnT6SyJ4PCPnGMoFjC9ddhal5KVIYtAt97ix05A=="
    },
    "node_modules/pixelmatch": {
      "version": "5.3.0",
      "resolved": "https://registry.npmjs.org/pixelmatch/-/pixelmatch-5.3.0.tgz",
      "integrity": "sha512-o8mkY4E/+LNUf6LzX96ht6k6CEDi65k9G2rjMtBe9Oo+VPKSvl+0GKHuH/AlG+GA5LPG/i5hrekkxUc3s2HU+Q==",
      "dependencies": {
        "pngjs": "^6.0.0"
      },
      "bin": {
        "pixelmatch": "bin/pixelmatch"
      }
    },
    "node_modules/pixelmatch/node_modules/pngjs": {
      "version": "6.0.0",
      "resolved": "https://registry.npmjs.org/pngjs/-/pngjs-6.0.0.tgz",
      "integrity": "sha512-TRzzuFRRmEoSW/p1KVAmiOgPco2Irlah+bGFCeNfJXxxYGwSw7YwAOAcd7X28K/m5bjBWKsC29KyoMfHbypayg==",
      "engines": {
        "node": ">=12.13.0"
      }
    },
    "node_modules/png-js": {
      "version": "1.0.0",
      "resolved": "https://registry.npmjs.org/png-js/-/png-js-1.0.0.tgz",
      "integrity": "sha512-k+YsbhpA9e+EFfKjTCH3VW6aoKlyNYI6NYdTfDL4CIvFnvsuO84ttonmZE7rc+v23SLTH8XX+5w/Ak9v0xGY4g=="
    },
    "node_modules/png-metadata": {
      "version": "1.0.2",
      "resolved": "https://registry.npmjs.org/png-metadata/-/png-metadata-1.0.2.tgz",
      "integrity": "sha512-9evMsSVWxOlMmL/LtFo1LPxixyNg6KmFYIUZ/zdh4GF0kcc9cy7kRmXpCwrLMeh1+kaxFGmbk3WCHKEezSu2Bw=="
    },
    "node_modules/pngjs": {
      "version": "7.0.0",
      "resolved": "https://registry.npmjs.org/pngjs/-/pngjs-7.0.0.tgz",
      "integrity": "sha512-LKWqWJRhstyYo9pGvgor/ivk2w94eSjE3RGVuzLGlr3NmD8bf7RcYGze1mNdEHRP6TRP6rMuDHk5t44hnTRyow==",
      "engines": {
        "node": ">=14.19.0"
      }
    },
    "node_modules/queue": {
      "version": "6.0.2",
      "resolved": "https://registry.npmjs.org/queue/-/queue-6.0.2.tgz",
      "integrity": "sha512-iHZWu+q3IdFZFX36ro/lKBkSvfkztY5Y7HMiPlOUjhupPcG2JMfst2KKEpu5XndviX/3UhFbRngUPNKtgvtZiA==",
      "dependencies": {
        "inherits": "~2.0.3"
      }
    }
  },
  "dependencies": {
    "debug": {
      "version": "2.6.9",
      "resolved": "https://registry.npmjs.org/debug/-/debug-2.6.9.tgz",
      "integrity": "sha512-bC7ElrdJaJnPbAP+1EotYvqZsb3ecl5wi6Bfi6BJTUcNowp6cvspg0jXznRTKDjm/E7AdgFBVeAPVMNcKGsHMA==",
      "requires": {
        "ms": "2.0.0"
      }
    },
    "exif": {
      "version": "0.6.0",
      "resolved": "https://registry.npmjs.org/exif/-/exif-0.6.0.tgz",
      "integrity": "sha512-gEwM4uanNMfLnDNKclZ7jPEA99E3rpy4ntoS6QW8u6murZjl1o8qRaPdMoC46Syg3d9/QaET0bYKhWlTwJCPgg==",
      "requires": {
        "debug": "^2.2"
      }
    },
    "exif-parser": {
      "version": "0.1.12",
      "resolved": "https://registry.npmjs.org/exif-parser/-/exif-parser-0.1.12.tgz",
      "integrity": "sha512-c2bQfLNbMzLPmzQuOr8fy0csy84WmwnER81W88DzTp9CYNPJ6yzOj2EZAh9pywYpqHnshVLHQJ8WzldAyfY+Iw=="
    },
    "image-size": {
      "version": "1.0.2",
      "resolved": "https://registry.npmjs.org/image-size/-/image-size-1.0.2.tgz",
      "integrity": "sha512-xfOoWjceHntRb3qFCrh5ZFORYH8XCdYpASltMhZ/Q0KZiOwjdE/Yl2QCiWdwD+lygV5bMCvauzgu5PxBX/Yerg==",
      "requires": {
        "queue": "6.0.2"
      }
    },
    "inherits": {
      "version": "2.0.4",
      "resolved": "https://registry.npmjs.org/inherits/-/inherits-2.0.4.tgz",
      "integrity": "sha512-k/vGaX4/Yla3WzyMCvTQOXYeIHvqOKtnqBduzTHpzpQZzAskKMhZ2K+EnBiSM9zGSoIFeMpXKxa4dYeZIQqewQ=="
    },
    "ms": {
      "version": "2.0.0",
      "resolved": "https://registry.npmjs.org/ms/-/ms-2.0.0.tgz",
      "integrity": "sha512-Tpp60P6IUJDTuOq/5Z8cdskzJujfwqfOTkrwIwj7IRISpnkJnT6SyJ4PCPnGMoFjC9ddhal5KVIYtAt97ix05A=="
    },
    "pixelmatch": {
      "version": "5.3.0",
      "resolved": "https://registry.npmjs.org/pixelmatch/-/pixelmatch-5.3.0.tgz",
      "integrity": "sha512-o8mkY4E/+LNUf6LzX96ht6k6CEDi65k9G2rjMtBe9Oo+VPKSvl+0GKHuH/AlG+GA5LPG/i5hrekkxUc3s2HU+Q==",
      "requires": {
        "pngjs": "^6.0.0"
      },
      "dependencies": {
        "pngjs": {
          "version": "6.0.0",
          "resolved": "https://registry.npmjs.org/pngjs/-/pngjs-6.0.0.tgz",
          "integrity": "sha512-TRzzuFRRmEoSW/p1KVAmiOgPco2Irlah+bGFCeNfJXxxYGwSw7YwAOAcd7X28K/m5bjBWKsC29KyoMfHbypayg=="
        }
      }
    },
    "png-js": {
      "version": "1.0.0",
      "resolved": "https://registry.npmjs.org/png-js/-/png-js-1.0.0.tgz",
      "integrity": "sha512-k+YsbhpA9e+EFfKjTCH3VW6aoKlyNYI6NYdTfDL4CIvFnvsuO84ttonmZE7rc+v23SLTH8XX+5w/Ak9v0xGY4g=="
    },
    "png-metadata": {
      "version": "1.0.2",
      "resolved": "https://registry.npmjs.org/png-metadata/-/png-metadata-1.0.2.tgz",
      "integrity": "sha512-9evMsSVWxOlMmL/LtFo1LPxixyNg6KmFYIUZ/zdh4GF0kcc9cy7kRmXpCwrLMeh1+kaxFGmbk3WCHKEezSu2Bw=="
    },
    "pngjs": {
      "version": "7.0.0",
      "resolved": "https://registry.npmjs.org/pngjs/-/pngjs-7.0.0.tgz",
      "integrity": "sha512-LKWqWJRhstyYo9pGvgor/ivk2w94eSjE3RGVuzLGlr3NmD8bf7RcYGze1mNdEHRP6TRP6rMuDHk5t44hnTRyow=="
    },
    "queue": {
      "version": "6.0.2",
      "resolved": "https://registry.npmjs.org/queue/-/queue-6.0.2.tgz",
      "integrity": "sha512-iHZWu+q3IdFZFX36ro/lKBkSvfkztY5Y7HMiPlOUjhupPcG2JMfst2KKEpu5XndviX/3UhFbRngUPNKtgvtZiA==",
      "requires": {
        "inherits": "~2.0.3"
      }
    }
  }
}
